// !$*UTF8*$!
{
	archiveVersion = 1;
	classes = {
	};
	objectVersion = 56;
	objects = {

/* Begin PBXBuildFile section */
		9134E93F2B2363460090BE3B /* AppDelegate.swift in Sources */ = {isa = PBXBuildFile; fileRef = 9134E93E2B2363460090BE3B /* AppDelegate.swift */; };
		9134E9412B2363460090BE3B /* SceneDelegate.swift in Sources */ = {isa = PBXBuildFile; fileRef = 9134E9402B2363460090BE3B /* SceneDelegate.swift */; };
		9134E9432B2363460090BE3B /* MainViewController.swift in Sources */ = {isa = PBXBuildFile; fileRef = 9134E9422B2363460090BE3B /* MainViewController.swift */; };
		9134E9462B2363460090BE3B /* Main.storyboard in Resources */ = {isa = PBXBuildFile; fileRef = 9134E9442B2363460090BE3B /* Main.storyboard */; };
		9134E9482B2363470090BE3B /* Assets.xcassets in Resources */ = {isa = PBXBuildFile; fileRef = 9134E9472B2363470090BE3B /* Assets.xcassets */; };
		9134E94B2B2363470090BE3B /* LaunchScreen.storyboard in Resources */ = {isa = PBXBuildFile; fileRef = 9134E9492B2363470090BE3B /* LaunchScreen.storyboard */; };
		9134E9582B2367170090BE3B /* AgoraAppGroupDataHelper in Frameworks */ = {isa = PBXBuildFile; productRef = 9134E9572B2367170090BE3B /* AgoraAppGroupDataHelper */; };
		9134E95A2B2367170090BE3B /* AgoraBroadcastExtensionHelper in Frameworks */ = {isa = PBXBuildFile; productRef = 9134E9592B2367170090BE3B /* AgoraBroadcastExtensionHelper */; };
		9134E95C2B2367170090BE3B /* AgoraUIKit in Frameworks */ = {isa = PBXBuildFile; productRef = 9134E95B2B2367170090BE3B /* AgoraUIKit */; };
/* End PBXBuildFile section */

/* Begin PBXFileReference section */
		9134E93B2B2363460090BE3B /* agora-callkit-voip.app */ = {isa = PBXFileReference; explicitFileType = wrapper.application; includeInIndex = 0; path = "agora-callkit-voip.app"; sourceTree = BUILT_PRODUCTS_DIR; };
		9134E93E2B2363460090BE3B /* AppDelegate.swift */ = {isa = PBXFileReference; lastKnownFileType = sourcecode.swift; path = AppDelegate.swift; sourceTree = "<group>"; };
		9134E9402B2363460090BE3B /* SceneDelegate.swift */ = {isa = PBXFileReference; lastKnownFileType = sourcecode.swift; path = SceneDelegate.swift; sourceTree = "<group>"; };
		9134E9422B2363460090BE3B /* MainViewController.swift */ = {isa = PBXFileReference; lastKnownFileType = sourcecode.swift; path = MainViewController.swift; sourceTree = "<group>"; };
		9134E9452B2363460090BE3B /* Base */ = {isa = PBXFileReference; lastKnownFileType = file.storyboard; name = Base; path = Base.lproj/Main.storyboard; sourceTree = "<group>"; };
		9134E9472B2363470090BE3B /* Assets.xcassets */ = {isa = PBXFileReference; lastKnownFileType = folder.assetcatalog; path = Assets.xcassets; sourceTree = "<group>"; };
		9134E94A2B2363470090BE3B /* Base */ = {isa = PBXFileReference; lastKnownFileType = file.storyboard; name = Base; path = Base.lproj/LaunchScreen.storyboard; sourceTree = "<group>"; };
		9134E94C2B2363470090BE3B /* Info.plist */ = {isa = PBXFileReference; lastKnownFileType = text.plist.xml; path = Info.plist; sourceTree = "<group>"; };
/* End PBXFileReference section */

/* Begin PBXFrameworksBuildPhase section */
		9134E9382B2363460090BE3B /* Frameworks */ = {
			isa = PBXFrameworksBuildPhase;
			buildActionMask = 2147483647;
			files = (
				9134E9582B2367170090BE3B /* AgoraAppGroupDataHelper in Frameworks */,
				9134E95A2B2367170090BE3B /* AgoraBroadcastExtensionHelper in Frameworks */,
				9134E95C2B2367170090BE3B /* AgoraUIKit in Frameworks */,
			);
			runOnlyForDeploymentPostprocessing = 0;
		};
/* End PBXFrameworksBuildPhase section */

/* Begin PBXGroup section */
		9134E9322B2363460090BE3B = {
			isa = PBXGroup;
			children = (
				9134E93D2B2363460090BE3B /* agora-callkit-voip */,
				9134E93C2B2363460090BE3B /* Products */,
			);
			sourceTree = "<group>";
		};
		9134E93C2B2363460090BE3B /* Products */ = {
			isa = PBXGroup;
			children = (
				9134E93B2B2363460090BE3B /* agora-callkit-voip.app */,
			);
			name = Products;
			sourceTree = "<group>";
		};
		9134E93D2B2363460090BE3B /* agora-callkit-voip */ = {
			isa = PBXGroup;
			children = (
				9134E9552B2363CD0090BE3B /* UI */,
				9134E9532B2363C50090BE3B /* Modules */,
				9134E9542B2363C80090BE3B /* Managers */,
				9134E9522B2363C30090BE3B /* App */,
				9134E9472B2363470090BE3B /* Assets.xcassets */,
				9134E9492B2363470090BE3B /* LaunchScreen.storyboard */,
				9134E94C2B2363470090BE3B /* Info.plist */,
			);
			path = "agora-callkit-voip";
			sourceTree = "<group>";
		};
		9134E9522B2363C30090BE3B /* App */ = {
			isa = PBXGroup;
			children = (
				9134E93E2B2363460090BE3B /* AppDelegate.swift */,
				9134E9402B2363460090BE3B /* SceneDelegate.swift */,
			);
			path = App;
			sourceTree = "<group>";
		};
		9134E9532B2363C50090BE3B /* Modules */ = {
			isa = PBXGroup;
			children = (
				9134E9422B2363460090BE3B /* MainViewController.swift */,
			);
			path = Modules;
			sourceTree = "<group>";
		};
		9134E9542B2363C80090BE3B /* Managers */ = {
			isa = PBXGroup;
			children = (
			);
			path = Managers;
			sourceTree = "<group>";
		};
		9134E9552B2363CD0090BE3B /* UI */ = {
			isa = PBXGroup;
			children = (
				9134E9442B2363460090BE3B /* Main.storyboard */,
			);
			path = UI;
			sourceTree = "<group>";
		};
/* End PBXGroup section */

/* Begin PBXNativeTarget section */
		9134E93A2B2363460090BE3B /* agora-callkit-voip */ = {
			isa = PBXNativeTarget;
			buildConfigurationList = 9134E94F2B2363470090BE3B /* Build configuration list for PBXNativeTarget "agora-callkit-voip" */;
			buildPhases = (
				9134E9372B2363460090BE3B /* Sources */,
				9134E9382B2363460090BE3B /* Frameworks */,
				9134E9392B2363460090BE3B /* Resources */,
			);
			buildRules = (
			);
			dependencies = (
			);
			name = "agora-callkit-voip";
			packageProductDependencies = (
				9134E9572B2367170090BE3B /* AgoraAppGroupDataHelper */,
				9134E9592B2367170090BE3B /* AgoraBroadcastExtensionHelper */,
				9134E95B2B2367170090BE3B /* AgoraUIKit */,
			);
			productName = "agora-callkit-voip";
			productReference = 9134E93B2B2363460090BE3B /* agora-callkit-voip.app */;
			productType = "com.apple.product-type.application";
		};
/* End PBXNativeTarget section */

/* Begin PBXProject section */
		9134E9332B2363460090BE3B /* Project object */ = {
			isa = PBXProject;
			attributes = {
				BuildIndependentTargetsInParallel = 1;
				LastSwiftUpdateCheck = 1500;
				LastUpgradeCheck = 1500;
				TargetAttributes = {
					9134E93A2B2363460090BE3B = {
						CreatedOnToolsVersion = 15.0.1;
					};
				};
			};
			buildConfigurationList = 9134E9362B2363460090BE3B /* Build configuration list for PBXProject "agora-callkit-voip" */;
			compatibilityVersion = "Xcode 14.0";
			developmentRegion = en;
			hasScannedForEncodings = 0;
			knownRegions = (
				en,
				Base,
			);
			mainGroup = 9134E9322B2363460090BE3B;
			packageReferences = (
				9134E9562B2367170090BE3B /* XCRemoteSwiftPackageReference "VideoUIKit-iOS" */,
			);
			productRefGroup = 9134E93C2B2363460090BE3B /* Products */;
			projectDirPath = "";
			projectRoot = "";
			targets = (
				9134E93A2B2363460090BE3B /* agora-callkit-voip */,
			);
		};
/* End PBXProject section */

/* Begin PBXResourcesBuildPhase section */
		9134E9392B2363460090BE3B /* Resources */ = {
			isa = PBXResourcesBuildPhase;
			buildActionMask = 2147483647;
			files = (
				9134E94B2B2363470090BE3B /* LaunchScreen.storyboard in Resources */,
				9134E9482B2363470090BE3B /* Assets.xcassets in Resources */,
				9134E9462B2363460090BE3B /* Main.storyboard in Resources */,
			);
			runOnlyForDeploymentPostprocessing = 0;
		};
/* End PBXResourcesBuildPhase section */

/* Begin PBXSourcesBuildPhase section */
		9134E9372B2363460090BE3B /* Sources */ = {
			isa = PBXSourcesBuildPhase;
			buildActionMask = 2147483647;
			files = (
				9134E9432B2363460090BE3B /* MainViewController.swift in Sources */,
				9134E93F2B2363460090BE3B /* AppDelegate.swift in Sources */,
				9134E9412B2363460090BE3B /* SceneDelegate.swift in Sources */,
			);
			runOnlyForDeploymentPostprocessing = 0;
		};
/* End PBXSourcesBuildPhase section */

/* Begin PBXVariantGroup section */
		9134E9442B2363460090BE3B /* Main.storyboard */ = {
			isa = PBXVariantGroup;
			children = (
				9134E9452B2363460090BE3B /* Base */,
			);
			name = Main.storyboard;
			sourceTree = "<group>";
		};
		9134E9492B2363470090BE3B /* LaunchScreen.storyboard */ = {
			isa = PBXVariantGroup;
			children = (
				9134E94A2B2363470090BE3B /* Base */,
			);
			name = LaunchScreen.storyboard;
			sourceTree = "<group>";
		};
/* End PBXVariantGroup section */

/* Begin XCBuildConfiguration section */
		9134E94D2B2363470090BE3B /* Debug */ = {
			isa = XCBuildConfiguration;
			buildSettings = {
				ALWAYS_SEARCH_USER_PATHS = NO;
				ASSETCATALOG_COMPILER_GENERATE_SWIFT_ASSET_SYMBOL_EXTENSIONS = YES;
				CLANG_ANALYZER_NONNULL = YES;
				CLANG_ANALYZER_NUMBER_OBJECT_CONVERSION = YES_AGGRESSIVE;
				CLANG_CXX_LANGUAGE_STANDARD = "gnu++20";
				CLANG_ENABLE_MODULES = YES;
				CLANG_ENABLE_OBJC_ARC = YES;
				CLANG_ENABLE_OBJC_WEAK = YES;
				CLANG_WARN_BLOCK_CAPTURE_AUTORELEASING = YES;
				CLANG_WARN_BOOL_CONVERSION = YES;
				CLANG_WARN_COMMA = YES;
				CLANG_WARN_CONSTANT_CONVERSION = YES;
				CLANG_WARN_DEPRECATED_OBJC_IMPLEMENTATIONS = YES;
				CLANG_WARN_DIRECT_OBJC_ISA_USAGE = YES_ERROR;
				CLANG_WARN_DOCUMENTATION_COMMENTS = YES;
				CLANG_WARN_EMPTY_BODY = YES;
				CLANG_WARN_ENUM_CONVERSION = YES;
				CLANG_WARN_INFINITE_RECURSION = YES;
				CLANG_WARN_INT_CONVERSION = YES;
				CLANG_WARN_NON_LITERAL_NULL_CONVERSION = YES;
				CLANG_WARN_OBJC_IMPLICIT_RETAIN_SELF = YES;
				CLANG_WARN_OBJC_LITERAL_CONVERSION = YES;
				CLANG_WARN_OBJC_ROOT_CLASS = YES_ERROR;
				CLANG_WARN_QUOTED_INCLUDE_IN_FRAMEWORK_HEADER = YES;
				CLANG_WARN_RANGE_LOOP_ANALYSIS = YES;
				CLANG_WARN_STRICT_PROTOTYPES = YES;
				CLANG_WARN_SUSPICIOUS_MOVE = YES;
				CLANG_WARN_UNGUARDED_AVAILABILITY = YES_AGGRESSIVE;
				CLANG_WARN_UNREACHABLE_CODE = YES;
				CLANG_WARN__DUPLICATE_METHOD_MATCH = YES;
				COPY_PHASE_STRIP = NO;
				DEBUG_INFORMATION_FORMAT = dwarf;
				ENABLE_STRICT_OBJC_MSGSEND = YES;
				ENABLE_TESTABILITY = YES;
				ENABLE_USER_SCRIPT_SANDBOXING = YES;
				GCC_C_LANGUAGE_STANDARD = gnu17;
				GCC_DYNAMIC_NO_PIC = NO;
				GCC_NO_COMMON_BLOCKS = YES;
				GCC_OPTIMIZATION_LEVEL = 0;
				GCC_PREPROCESSOR_DEFINITIONS = (
					"DEBUG=1",
					"$(inherited)",
				);
				GCC_WARN_64_TO_32_BIT_CONVERSION = YES;
				GCC_WARN_ABOUT_RETURN_TYPE = YES_ERROR;
				GCC_WARN_UNDECLARED_SELECTOR = YES;
				GCC_WARN_UNINITIALIZED_AUTOS = YES_AGGRESSIVE;
				GCC_WARN_UNUSED_FUNCTION = YES;
				GCC_WARN_UNUSED_VARIABLE = YES;
				IPHONEOS_DEPLOYMENT_TARGET = 17.0;
				LOCALIZATION_PREFERS_STRING_CATALOGS = YES;
				MTL_ENABLE_DEBUG_INFO = INCLUDE_SOURCE;
				MTL_FAST_MATH = YES;
				ONLY_ACTIVE_ARCH = YES;
				SDKROOT = iphoneos;
				SWIFT_ACTIVE_COMPILATION_CONDITIONS = "DEBUG $(inherited)";
				SWIFT_OPTIMIZATION_LEVEL = "-Onone";
			};
			name = Debug;
		};
		9134E94E2B2363470090BE3B /* Release */ = {
			isa = XCBuildConfiguration;
			buildSettings = {
				ALWAYS_SEARCH_USER_PATHS = NO;
				ASSETCATALOG_COMPILER_GENERATE_SWIFT_ASSET_SYMBOL_EXTENSIONS = YES;
				CLANG_ANALYZER_NONNULL = YES;
				CLANG_ANALYZER_NUMBER_OBJECT_CONVERSION = YES_AGGRESSIVE;
				CLANG_CXX_LANGUAGE_STANDARD = "gnu++20";
				CLANG_ENABLE_MODULES = YES;
				CLANG_ENABLE_OBJC_ARC = YES;
				CLANG_ENABLE_OBJC_WEAK = YES;
				CLANG_WARN_BLOCK_CAPTURE_AUTORELEASING = YES;
				CLANG_WARN_BOOL_CONVERSION = YES;
				CLANG_WARN_COMMA = YES;
				CLANG_WARN_CONSTANT_CONVERSION = YES;
				CLANG_WARN_DEPRECATED_OBJC_IMPLEMENTATIONS = YES;
				CLANG_WARN_DIRECT_OBJC_ISA_USAGE = YES_ERROR;
				CLANG_WARN_DOCUMENTATION_COMMENTS = YES;
				CLANG_WARN_EMPTY_BODY = YES;
				CLANG_WARN_ENUM_CONVERSION = YES;
				CLANG_WARN_INFINITE_RECURSION = YES;
				CLANG_WARN_INT_CONVERSION = YES;
				CLANG_WARN_NON_LITERAL_NULL_CONVERSION = YES;
				CLANG_WARN_OBJC_IMPLICIT_RETAIN_SELF = YES;
				CLANG_WARN_OBJC_LITERAL_CONVERSION = YES;
				CLANG_WARN_OBJC_ROOT_CLASS = YES_ERROR;
				CLANG_WARN_QUOTED_INCLUDE_IN_FRAMEWORK_HEADER = YES;
				CLANG_WARN_RANGE_LOOP_ANALYSIS = YES;
				CLANG_WARN_STRICT_PROTOTYPES = YES;
				CLANG_WARN_SUSPICIOUS_MOVE = YES;
				CLANG_WARN_UNGUARDED_AVAILABILITY = YES_AGGRESSIVE;
				CLANG_WARN_UNREACHABLE_CODE = YES;
				CLANG_WARN__DUPLICATE_METHOD_MATCH = YES;
				COPY_PHASE_STRIP = NO;
				DEBUG_INFORMATION_FORMAT = "dwarf-with-dsym";
				ENABLE_NS_ASSERTIONS = NO;
				ENABLE_STRICT_OBJC_MSGSEND = YES;
				ENABLE_USER_SCRIPT_SANDBOXING = YES;
				GCC_C_LANGUAGE_STANDARD = gnu17;
				GCC_NO_COMMON_BLOCKS = YES;
				GCC_WARN_64_TO_32_BIT_CONVERSION = YES;
				GCC_WARN_ABOUT_RETURN_TYPE = YES_ERROR;
				GCC_WARN_UNDECLARED_SELECTOR = YES;
				GCC_WARN_UNINITIALIZED_AUTOS = YES_AGGRESSIVE;
				GCC_WARN_UNUSED_FUNCTION = YES;
				GCC_WARN_UNUSED_VARIABLE = YES;
				IPHONEOS_DEPLOYMENT_TARGET = 17.0;
				LOCALIZATION_PREFERS_STRING_CATALOGS = YES;
				MTL_ENABLE_DEBUG_INFO = NO;
				MTL_FAST_MATH = YES;
				SDKROOT = iphoneos;
				SWIFT_COMPILATION_MODE = wholemodule;
				VALIDATE_PRODUCT = YES;
			};
			name = Release;
		};
		9134E9502B2363470090BE3B /* Debug */ = {
			isa = XCBuildConfiguration;
			buildSettings = {
				ASSETCATALOG_COMPILER_APPICON_NAME = AppIcon;
				ASSETCATALOG_COMPILER_GLOBAL_ACCENT_COLOR_NAME = AccentColor;
				CODE_SIGN_STYLE = Automatic;
				CURRENT_PROJECT_VERSION = 1;
				DEVELOPMENT_TEAM = G853KP8PLG;
				GENERATE_INFOPLIST_FILE = YES;
				INFOPLIST_FILE = "agora-callkit-voip/Info.plist";
				INFOPLIST_KEY_UIApplicationSupportsIndirectInputEvents = YES;
				INFOPLIST_KEY_UILaunchStoryboardName = LaunchScreen;
				INFOPLIST_KEY_UIMainStoryboardFile = Main;
				INFOPLIST_KEY_UISupportedInterfaceOrientations_iPad = "UIInterfaceOrientationPortrait UIInterfaceOrientationPortraitUpsideDown UIInterfaceOrientationLandscapeLeft UIInterfaceOrientationLandscapeRight";
				INFOPLIST_KEY_UISupportedInterfaceOrientations_iPhone = "UIInterfaceOrientationPortrait UIInterfaceOrientationLandscapeLeft UIInterfaceOrientationLandscapeRight";
				LD_RUNPATH_SEARCH_PATHS = (
					"$(inherited)",
					"@executable_path/Frameworks",
				);
				MARKETING_VERSION = 1.0;
				PRODUCT_BUNDLE_IDENTIFIER = "com.furkanalioglu.agora-callkit-voip";
				PRODUCT_NAME = "$(TARGET_NAME)";
				SWIFT_EMIT_LOC_STRINGS = YES;
				SWIFT_VERSION = 5.0;
				TARGETED_DEVICE_FAMILY = "1,2";
			};
			name = Debug;
		};
		9134E9512B2363470090BE3B /* Release */ = {
			isa = XCBuildConfiguration;
			buildSettings = {
				ASSETCATALOG_COMPILER_APPICON_NAME = AppIcon;
				ASSETCATALOG_COMPILER_GLOBAL_ACCENT_COLOR_NAME = AccentColor;
				CODE_SIGN_STYLE = Automatic;
				CURRENT_PROJECT_VERSION = 1;
				DEVELOPMENT_TEAM = G853KP8PLG;
				GENERATE_INFOPLIST_FILE = YES;
				INFOPLIST_FILE = "agora-callkit-voip/Info.plist";
				INFOPLIST_KEY_UIApplicationSupportsIndirectInputEvents = YES;
				INFOPLIST_KEY_UILaunchStoryboardName = LaunchScreen;
				INFOPLIST_KEY_UIMainStoryboardFile = Main;
				INFOPLIST_KEY_UISupportedInterfaceOrientations_iPad = "UIInterfaceOrientationPortrait UIInterfaceOrientationPortraitUpsideDown UIInterfaceOrientationLandscapeLeft UIInterfaceOrientationLandscapeRight";
				INFOPLIST_KEY_UISupportedInterfaceOrientations_iPhone = "UIInterfaceOrientationPortrait UIInterfaceOrientationLandscapeLeft UIInterfaceOrientationLandscapeRight";
				LD_RUNPATH_SEARCH_PATHS = (
					"$(inherited)",
					"@executable_path/Frameworks",
				);
				MARKETING_VERSION = 1.0;
				PRODUCT_BUNDLE_IDENTIFIER = "com.furkanalioglu.agora-callkit-voip";
				PRODUCT_NAME = "$(TARGET_NAME)";
				SWIFT_EMIT_LOC_STRINGS = YES;
				SWIFT_VERSION = 5.0;
				TARGETED_DEVICE_FAMILY = "1,2";
			};
			name = Release;
		};
/* End XCBuildConfiguration section */

/* Begin XCConfigurationList section */
		9134E9362B2363460090BE3B /* Build configuration list for PBXProject "agora-callkit-voip" */ = {
			isa = XCConfigurationList;
			buildConfigurations = (
				9134E94D2B2363470090BE3B /* Debug */,
				9134E94E2B2363470090BE3B /* Release */,
			);
			defaultConfigurationIsVisible = 0;
			defaultConfigurationName = Release;
		};
		9134E94F2B2363470090BE3B /* Build configuration list for PBXNativeTarget "agora-callkit-voip" */ = {
			isa = XCConfigurationList;
			buildConfigurations = (
				9134E9502B2363470090BE3B /* Debug */,
				9134E9512B2363470090BE3B /* Release */,
			);
			defaultConfigurationIsVisible = 0;
			defaultConfigurationName = Release;
		};
/* End XCConfigurationList section */

/* Begin XCRemoteSwiftPackageReference section */
		9134E9562B2367170090BE3B /* XCRemoteSwiftPackageReference "VideoUIKit-iOS" */ = {
			isa = XCRemoteSwiftPackageReference;
			repositoryURL = "https://github.com/AgoraIO-Community/VideoUIKit-iOS";
			requirement = {
				kind = upToNextMajorVersion;
				minimumVersion = 4.1.1;
			};
		};
/* End XCRemoteSwiftPackageReference section */

/* Begin XCSwiftPackageProductDependency section */
		9134E9572B2367170090BE3B /* AgoraAppGroupDataHelper */ = {
			isa = XCSwiftPackageProductDependency;
			package = 9134E9562B2367170090BE3B /* XCRemoteSwiftPackageReference "VideoUIKit-iOS" */;
			productName = AgoraAppGroupDataHelper;
		};
		9134E9592B2367170090BE3B /* AgoraBroadcastExtensionHelper */ = {
			isa = XCSwiftPackageProductDependency;
			package = 9134E9562B2367170090BE3B /* XCRemoteSwiftPackageReference "VideoUIKit-iOS" */;
			productName = AgoraBroadcastExtensionHelper;
		};
		9134E95B2B2367170090BE3B /* AgoraUIKit */ = {
			isa = XCSwiftPackageProductDependency;
			package = 9134E9562B2367170090BE3B /* XCRemoteSwiftPackageReference "VideoUIKit-iOS" */;
			productName = AgoraUIKit;
		};
/* End XCSwiftPackageProductDependency section */
	};
	rootObject = 9134E9332B2363460090BE3B /* Project object */;
}
